// !$*UTF8*$!
{
	archiveVersion = 1;
	classes = {
	};
	objectVersion = 77;
	objects = {

/* Begin PBXBuildFile section */
		2C5B7DF82E88614A00564180 /* rwmain.cpp in Sources */ = {isa = PBXBuildFile; fileRef = 2CBD71B22CBA7B9200C14983 /* rwmain.cpp */; };
		2CBD71B62CBA7BA300C14983 /* rwmain.cpp in Sources */ = {isa = PBXBuildFile; fileRef = 2CBD71B22CBA7B9200C14983 /* rwmain.cpp */; };
		2CBD71BC2CBAA57700C14983 /* main.cpp in Sources */ = {isa = PBXBuildFile; fileRef = 2CBD71BB2CBAA57700C14983 /* main.cpp */; };
		2CF237AB2E89EA7800CC17B6 /* tex.png in Resources */ = {isa = PBXBuildFile; fileRef = 2CF237A92E89EA7800CC17B6 /* tex.png */; };
/* End PBXBuildFile section */

/* Begin PBXCopyFilesBuildPhase section */
		2CBD718D2CBA787600C14983 /* CopyFiles */ = {
			isa = PBXCopyFilesBuildPhase;
			buildActionMask = 2147483647;
			dstPath = /usr/share/man/man1/;
			dstSubfolderSpec = 0;
			files = (
			);
			runOnlyForDeploymentPostprocessing = 1;
		};
/* End PBXCopyFilesBuildPhase section */

/* Begin PBXFileReference section */
		2C468A102CCF71750015A5FE /* hit_polymorph.h */ = {isa = PBXFileReference; lastKnownFileType = sourcecode.c.h; path = hit_polymorph.h; sourceTree = "<group>"; };
		2C4E34D82CC59EB000EF2B6F /* rwimage.h */ = {isa = PBXFileReference; lastKnownFileType = sourcecode.c.h; path = rwimage.h; sourceTree = "<group>"; };
		2C4E34D92CC59F2200EF2B6F /* stb_image.h */ = {isa = PBXFileReference; lastKnownFileType = sourcecode.c.h; path = stb_image.h; sourceTree = "<group>"; };
		2C4E34DA2CC6CBD200EF2B6F /* perlin.h */ = {isa = PBXFileReference; lastKnownFileType = sourcecode.c.h; path = perlin.h; sourceTree = "<group>"; };
		2C4E34DB2CC76FA500EF2B6F /* quad.h */ = {isa = PBXFileReference; lastKnownFileType = sourcecode.c.h; path = quad.h; sourceTree = "<group>"; };
		2C5B7D062E87F73900564180 /* thread_pool.h */ = {isa = PBXFileReference; lastKnownFileType = sourcecode.c.h; path = thread_pool.h; sourceTree = "<group>"; };
		2C5B7DDF2E88602C00564180 /* RaytracerWeekendApp.app */ = {isa = PBXFileReference; explicitFileType = wrapper.application; includeInIndex = 0; path = RaytracerWeekendApp.app; sourceTree = BUILT_PRODUCTS_DIR; };
		2C9533022CC8BCB9001E67A2 /* hittable_list.h */ = {isa = PBXFileReference; lastKnownFileType = sourcecode.c.h; path = hittable_list.h; sourceTree = "<group>"; };
		2C9533032CC8C4B7001E67A2 /* constant_medium.h */ = {isa = PBXFileReference; lastKnownFileType = sourcecode.c.h; path = constant_medium.h; sourceTree = "<group>"; };
		2C9533042CCAA180001E67A2 /* vec3_apple_simd.h */ = {isa = PBXFileReference; lastKnownFileType = sourcecode.c.h; path = vec3_apple_simd.h; sourceTree = "<group>"; };
		2C9533052CCAA955001E67A2 /* vec3_switch.h */ = {isa = PBXFileReference; lastKnownFileType = sourcecode.c.h; path = vec3_switch.h; sourceTree = "<group>"; };
		2CB356DF2CBD958C009D3EB0 /* material.h */ = {isa = PBXFileReference; lastKnownFileType = sourcecode.c.h; path = material.h; sourceTree = "<group>"; };
		2CB356E22CC39AB4009D3EB0 /* aabb.h */ = {isa = PBXFileReference; lastKnownFileType = sourcecode.c.h; path = aabb.h; sourceTree = "<group>"; };
		2CB356E32CC3B131009D3EB0 /* bvh.h */ = {isa = PBXFileReference; lastKnownFileType = sourcecode.c.h; path = bvh.h; sourceTree = "<group>"; };
		2CB356E42CC3B749009D3EB0 /* hittable.h */ = {isa = PBXFileReference; lastKnownFileType = sourcecode.c.h; path = hittable.h; sourceTree = "<group>"; };
		2CB356EC2CC4410A009D3EB0 /* texture.h */ = {isa = PBXFileReference; lastKnownFileType = sourcecode.c.h; path = texture.h; sourceTree = "<group>"; };
		2CBD718F2CBA787600C14983 /* RaytracerWeekendConsole */ = {isa = PBXFileReference; explicitFileType = "compiled.mach-o.executable"; includeInIndex = 0; path = RaytracerWeekendConsole; sourceTree = BUILT_PRODUCTS_DIR; };
		2CBD71AD2CBA7B9200C14983 /* color.h */ = {isa = PBXFileReference; lastKnownFileType = sourcecode.c.h; path = color.h; sourceTree = "<group>"; };
		2CBD71AE2CBA7B9200C14983 /* image.h */ = {isa = PBXFileReference; lastKnownFileType = sourcecode.c.h; path = image.h; sourceTree = "<group>"; };
		2CBD71AF2CBA7B9200C14983 /* ppm.h */ = {isa = PBXFileReference; lastKnownFileType = sourcecode.c.h; path = ppm.h; sourceTree = "<group>"; };
		2CBD71B02CBA7B9200C14983 /* ray.h */ = {isa = PBXFileReference; lastKnownFileType = sourcecode.c.h; path = ray.h; sourceTree = "<group>"; };
		2CBD71B12CBA7B9200C14983 /* rwmain.h */ = {isa = PBXFileReference; lastKnownFileType = sourcecode.c.h; path = rwmain.h; sourceTree = "<group>"; };
		2CBD71B22CBA7B9200C14983 /* rwmain.cpp */ = {isa = PBXFileReference; lastKnownFileType = sourcecode.cpp.cpp; path = rwmain.cpp; sourceTree = "<group>"; };
		2CBD71B32CBA7B9200C14983 /* vec3.h */ = {isa = PBXFileReference; lastKnownFileType = sourcecode.c.h; path = vec3.h; sourceTree = "<group>"; };
		2CBD71B72CBA91FA00C14983 /* sphere.h */ = {isa = PBXFileReference; lastKnownFileType = sourcecode.c.h; path = sphere.h; sourceTree = "<group>"; };
		2CBD71BB2CBAA57700C14983 /* main.cpp */ = {isa = PBXFileReference; lastKnownFileType = sourcecode.cpp.cpp; path = main.cpp; sourceTree = "<group>"; };
		2CBD71BD2CBAA5C300C14983 /* out.ppm */ = {isa = PBXFileReference; lastKnownFileType = text; name = out.ppm; path = ../out.ppm; sourceTree = SOURCE_ROOT; };
		2CBD71BE2CBACCF100C14983 /* scene.h */ = {isa = PBXFileReference; lastKnownFileType = sourcecode.c.h; path = scene.h; sourceTree = "<group>"; };
		2CBD71BF2CBACFD000C14983 /* camera.h */ = {isa = PBXFileReference; lastKnownFileType = sourcecode.c.h; path = camera.h; sourceTree = "<group>"; };
		2CBD71C02CBBD2BF00C14983 /* util.h */ = {isa = PBXFileReference; lastKnownFileType = sourcecode.c.h; path = util.h; sourceTree = "<group>"; };
		2CBD71C12CBC13C500C14983 /* interval.h */ = {isa = PBXFileReference; lastKnownFileType = sourcecode.c.h; path = interval.h; sourceTree = "<group>"; };
		2CF237A92E89EA7800CC17B6 /* tex.png */ = {isa = PBXFileReference; lastKnownFileType = image.png; path = tex.png; sourceTree = "<group>"; };
/* End PBXFileReference section */

/* Begin PBXFileSystemSynchronizedRootGroup section */
		2C5B7DE02E88602C00564180 /* RaytracerWeekendApp */ = {
			isa = PBXFileSystemSynchronizedRootGroup;
			path = RaytracerWeekendApp;
			sourceTree = "<group>";
		};
		2CBD71912CBA787600C14983 /* RaytracerWeekendConsole */ = {
			isa = PBXFileSystemSynchronizedRootGroup;
			path = RaytracerWeekendConsole;
			sourceTree = "<group>";
		};
/* End PBXFileSystemSynchronizedRootGroup section */

/* Begin PBXFrameworksBuildPhase section */
		2C5B7DDC2E88602C00564180 /* Frameworks */ = {
			isa = PBXFrameworksBuildPhase;
			buildActionMask = 2147483647;
			files = (
			);
			runOnlyForDeploymentPostprocessing = 0;
		};
		2CBD718C2CBA787600C14983 /* Frameworks */ = {
			isa = PBXFrameworksBuildPhase;
			buildActionMask = 2147483647;
			files = (
			);
			runOnlyForDeploymentPostprocessing = 0;
		};
/* End PBXFrameworksBuildPhase section */

/* Begin PBXGroup section */
		2CBD71862CBA787600C14983 = {
			isa = PBXGroup;
			children = (
				2CBD71BD2CBAA5C300C14983 /* out.ppm */,
				2CBD71B42CBA7B9200C14983 /* src */,
				2CF237AA2E89EA7800CC17B6 /* res */,
				2CBD71912CBA787600C14983 /* RaytracerWeekendConsole */,
				2C5B7DE02E88602C00564180 /* RaytracerWeekendApp */,
				2CBD71902CBA787600C14983 /* Products */,
			);
			sourceTree = "<group>";
		};
		2CBD71902CBA787600C14983 /* Products */ = {
			isa = PBXGroup;
			children = (
				2CBD718F2CBA787600C14983 /* RaytracerWeekendConsole */,
				2C5B7DDF2E88602C00564180 /* RaytracerWeekendApp.app */,
			);
			name = Products;
			sourceTree = "<group>";
		};
		2CBD71B42CBA7B9200C14983 /* src */ = {
			isa = PBXGroup;
			children = (
				2CBD71BB2CBAA57700C14983 /* main.cpp */,
				2CBD71B12CBA7B9200C14983 /* rwmain.h */,
				2CBD71B22CBA7B9200C14983 /* rwmain.cpp */,
				2CBD71BF2CBACFD000C14983 /* camera.h */,
				2C5B7D062E87F73900564180 /* thread_pool.h */,
				2CBD71BE2CBACCF100C14983 /* scene.h */,
				2CB356E42CC3B749009D3EB0 /* hittable.h */,
				2C468A102CCF71750015A5FE /* hit_polymorph.h */,
				2CB356E32CC3B131009D3EB0 /* bvh.h */,
				2CBD71B02CBA7B9200C14983 /* ray.h */,
				2CBD71B72CBA91FA00C14983 /* sphere.h */,
				2C4E34DB2CC76FA500EF2B6F /* quad.h */,
				2CB356DF2CBD958C009D3EB0 /* material.h */,
				2CB356E22CC39AB4009D3EB0 /* aabb.h */,
				2CBD71AD2CBA7B9200C14983 /* color.h */,
				2CBD71AE2CBA7B9200C14983 /* image.h */,
				2CBD71C12CBC13C500C14983 /* interval.h */,
				2CBD71AF2CBA7B9200C14983 /* ppm.h */,
				2CBD71C02CBBD2BF00C14983 /* util.h */,
				2CBD71B32CBA7B9200C14983 /* vec3.h */,
				2C9533042CCAA180001E67A2 /* vec3_apple_simd.h */,
				2C9533052CCAA955001E67A2 /* vec3_switch.h */,
				2CB356EC2CC4410A009D3EB0 /* texture.h */,
				2C4E34D82CC59EB000EF2B6F /* rwimage.h */,
				2C4E34D92CC59F2200EF2B6F /* stb_image.h */,
				2C4E34DA2CC6CBD200EF2B6F /* perlin.h */,
				2C9533022CC8BCB9001E67A2 /* hittable_list.h */,
				2C9533032CC8C4B7001E67A2 /* constant_medium.h */,
			);
			name = src;
			path = ../src;
			sourceTree = SOURCE_ROOT;
		};
		2CF237AA2E89EA7800CC17B6 /* res */ = {
			isa = PBXGroup;
			children = (
				2CF237A92E89EA7800CC17B6 /* tex.png */,
			);
			name = res;
			path = ../res;
			sourceTree = SOURCE_ROOT;
		};
/* End PBXGroup section */

/* Begin PBXNativeTarget section */
		2C5B7DDE2E88602C00564180 /* RaytracerWeekendApp */ = {
			isa = PBXNativeTarget;
			buildConfigurationList = 2C5B7DE72E88602D00564180 /* Build configuration list for PBXNativeTarget "RaytracerWeekendApp" */;
			buildPhases = (
				2C5B7DDB2E88602C00564180 /* Sources */,
				2C5B7DDC2E88602C00564180 /* Frameworks */,
				2C5B7DDD2E88602C00564180 /* Resources */,
			);
			buildRules = (
			);
			dependencies = (
			);
			fileSystemSynchronizedGroups = (
				2C5B7DE02E88602C00564180 /* RaytracerWeekendApp */,
			);
			name = RaytracerWeekendApp;
			packageProductDependencies = (
			);
			productName = RaytracerWeekendApp;
			productReference = 2C5B7DDF2E88602C00564180 /* RaytracerWeekendApp.app */;
			productType = "com.apple.product-type.application";
		};
		2CBD718E2CBA787600C14983 /* RaytracerWeekendConsole */ = {
			isa = PBXNativeTarget;
			buildConfigurationList = 2CBD71962CBA787600C14983 /* Build configuration list for PBXNativeTarget "RaytracerWeekendConsole" */;
			buildPhases = (
				2CBD718B2CBA787600C14983 /* Sources */,
				2CBD718C2CBA787600C14983 /* Frameworks */,
				2CBD718D2CBA787600C14983 /* CopyFiles */,
			);
			buildRules = (
			);
			dependencies = (
			);
			fileSystemSynchronizedGroups = (
				2CBD71912CBA787600C14983 /* RaytracerWeekendConsole */,
			);
			name = RaytracerWeekendConsole;
			packageProductDependencies = (
			);
			productName = RaytracerWeekendConsole;
			productReference = 2CBD718F2CBA787600C14983 /* RaytracerWeekendConsole */;
			productType = "com.apple.product-type.tool";
		};
/* End PBXNativeTarget section */

/* Begin PBXProject section */
		2CBD71872CBA787600C14983 /* Project object */ = {
			isa = PBXProject;
			attributes = {
				BuildIndependentTargetsInParallel = 1;
				LastSwiftUpdateCheck = 2600;
				LastUpgradeCheck = 2610;
				TargetAttributes = {
					2C5B7DDE2E88602C00564180 = {
						CreatedOnToolsVersion = 26.0.1;
					};
					2CBD718E2CBA787600C14983 = {
						CreatedOnToolsVersion = 16.0;
					};
				};
			};
			buildConfigurationList = 2CBD718A2CBA787600C14983 /* Build configuration list for PBXProject "RaytracerWeekend" */;
			developmentRegion = en;
			hasScannedForEncodings = 0;
			knownRegions = (
				en,
				Base,
			);
			mainGroup = 2CBD71862CBA787600C14983;
			minimizedProjectReferenceProxies = 1;
			preferredProjectObjectVersion = 77;
			productRefGroup = 2CBD71902CBA787600C14983 /* Products */;
			projectDirPath = "";
			projectRoot = "";
			targets = (
				2CBD718E2CBA787600C14983 /* RaytracerWeekendConsole */,
				2C5B7DDE2E88602C00564180 /* RaytracerWeekendApp */,
			);
		};
/* End PBXProject section */

/* Begin PBXResourcesBuildPhase section */
		2C5B7DDD2E88602C00564180 /* Resources */ = {
			isa = PBXResourcesBuildPhase;
			buildActionMask = 2147483647;
			files = (
				2CF237AB2E89EA7800CC17B6 /* tex.png in Resources */,
			);
			runOnlyForDeploymentPostprocessing = 0;
		};
/* End PBXResourcesBuildPhase section */

/* Begin PBXSourcesBuildPhase section */
		2C5B7DDB2E88602C00564180 /* Sources */ = {
			isa = PBXSourcesBuildPhase;
			buildActionMask = 2147483647;
			files = (
				2C5B7DF82E88614A00564180 /* rwmain.cpp in Sources */,
			);
			runOnlyForDeploymentPostprocessing = 0;
		};
		2CBD718B2CBA787600C14983 /* Sources */ = {
			isa = PBXSourcesBuildPhase;
			buildActionMask = 2147483647;
			files = (
				2CBD71B62CBA7BA300C14983 /* rwmain.cpp in Sources */,
				2CBD71BC2CBAA57700C14983 /* main.cpp in Sources */,
			);
			runOnlyForDeploymentPostprocessing = 0;
		};
/* End PBXSourcesBuildPhase section */

/* Begin XCBuildConfiguration section */
		2C5B7DE82E88602D00564180 /* Debug */ = {
			isa = XCBuildConfiguration;
			buildSettings = {
				ASSETCATALOG_COMPILER_APPICON_NAME = AppIcon;
				ASSETCATALOG_COMPILER_GLOBAL_ACCENT_COLOR_NAME = AccentColor;
				CODE_SIGN_STYLE = Automatic;
				CURRENT_PROJECT_VERSION = 1;
				ENABLE_APP_SANDBOX = YES;
				ENABLE_INCOMING_NETWORK_CONNECTIONS = NO;
				ENABLE_OUTGOING_NETWORK_CONNECTIONS = NO;
				ENABLE_PREVIEWS = YES;
				ENABLE_RESOURCE_ACCESS_AUDIO_INPUT = NO;
				ENABLE_RESOURCE_ACCESS_BLUETOOTH = NO;
				ENABLE_RESOURCE_ACCESS_CALENDARS = NO;
				ENABLE_RESOURCE_ACCESS_CAMERA = NO;
				ENABLE_RESOURCE_ACCESS_CONTACTS = NO;
				ENABLE_RESOURCE_ACCESS_LOCATION = NO;
				ENABLE_RESOURCE_ACCESS_PRINTING = NO;
				ENABLE_RESOURCE_ACCESS_USB = NO;
				GENERATE_INFOPLIST_FILE = YES;
				"INFOPLIST_KEY_UIApplicationSceneManifest_Generation[sdk=iphoneos*]" = YES;
				"INFOPLIST_KEY_UIApplicationSceneManifest_Generation[sdk=iphonesimulator*]" = YES;
				"INFOPLIST_KEY_UIApplicationSupportsIndirectInputEvents[sdk=iphoneos*]" = YES;
				"INFOPLIST_KEY_UIApplicationSupportsIndirectInputEvents[sdk=iphonesimulator*]" = YES;
				"INFOPLIST_KEY_UILaunchScreen_Generation[sdk=iphoneos*]" = YES;
				"INFOPLIST_KEY_UILaunchScreen_Generation[sdk=iphonesimulator*]" = YES;
				"INFOPLIST_KEY_UIStatusBarStyle[sdk=iphoneos*]" = UIStatusBarStyleDefault;
				"INFOPLIST_KEY_UIStatusBarStyle[sdk=iphonesimulator*]" = UIStatusBarStyleDefault;
				INFOPLIST_KEY_UISupportedInterfaceOrientations_iPad = "UIInterfaceOrientationPortrait UIInterfaceOrientationPortraitUpsideDown UIInterfaceOrientationLandscapeLeft UIInterfaceOrientationLandscapeRight";
				INFOPLIST_KEY_UISupportedInterfaceOrientations_iPhone = "UIInterfaceOrientationPortrait UIInterfaceOrientationLandscapeLeft UIInterfaceOrientationLandscapeRight";
				IPHONEOS_DEPLOYMENT_TARGET = 26.0;
				LD_RUNPATH_SEARCH_PATHS = "@executable_path/Frameworks";
				"LD_RUNPATH_SEARCH_PATHS[sdk=macosx*]" = "@executable_path/../Frameworks";
				MACOSX_DEPLOYMENT_TARGET = 15.6;
				MARKETING_VERSION = 1.0;
				OTHER_CPLUSPLUSFLAGS = "$(OTHER_CFLAGS)";
				PRODUCT_BUNDLE_IDENTIFIER = com.example.ivanmcode.RaytracerWeekendApp;
				PRODUCT_NAME = "$(TARGET_NAME)";
				REGISTER_APP_GROUPS = YES;
				SDKROOT = auto;
				STRING_CATALOG_GENERATE_SYMBOLS = YES;
				SUPPORTED_PLATFORMS = "iphoneos iphonesimulator macosx xros xrsimulator";
				SWIFT_ACTIVE_COMPILATION_CONDITIONS = "DEBUG $(inherited)";
				SWIFT_APPROACHABLE_CONCURRENCY = YES;
				SWIFT_DEFAULT_ACTOR_ISOLATION = MainActor;
				SWIFT_EMIT_LOC_STRINGS = YES;
				SWIFT_OBJC_BRIDGING_HEADER = "RaytracerWeekendApp/Bridging-Header.h";
				SWIFT_OBJC_INTEROP_MODE = objcxx;
				SWIFT_OPTIMIZATION_LEVEL = "-Onone";
				SWIFT_PRECOMPILE_BRIDGING_HEADER = NO;
				SWIFT_UPCOMING_FEATURE_MEMBER_IMPORT_VISIBILITY = YES;
				SWIFT_VERSION = 5.0;
				TARGETED_DEVICE_FAMILY = "1,2,7";
				XROS_DEPLOYMENT_TARGET = 26.0;
			};
			name = Debug;
		};
		2C5B7DE92E88602D00564180 /* Release */ = {
			isa = XCBuildConfiguration;
			buildSettings = {
				ASSETCATALOG_COMPILER_APPICON_NAME = AppIcon;
				ASSETCATALOG_COMPILER_GLOBAL_ACCENT_COLOR_NAME = AccentColor;
				CODE_SIGN_STYLE = Automatic;
				CURRENT_PROJECT_VERSION = 1;
				ENABLE_APP_SANDBOX = YES;
				ENABLE_INCOMING_NETWORK_CONNECTIONS = NO;
				ENABLE_OUTGOING_NETWORK_CONNECTIONS = NO;
				ENABLE_PREVIEWS = YES;
				ENABLE_RESOURCE_ACCESS_AUDIO_INPUT = NO;
				ENABLE_RESOURCE_ACCESS_BLUETOOTH = NO;
				ENABLE_RESOURCE_ACCESS_CALENDARS = NO;
				ENABLE_RESOURCE_ACCESS_CAMERA = NO;
				ENABLE_RESOURCE_ACCESS_CONTACTS = NO;
				ENABLE_RESOURCE_ACCESS_LOCATION = NO;
				ENABLE_RESOURCE_ACCESS_PRINTING = NO;
				ENABLE_RESOURCE_ACCESS_USB = NO;
				GENERATE_INFOPLIST_FILE = YES;
				"INFOPLIST_KEY_UIApplicationSceneManifest_Generation[sdk=iphoneos*]" = YES;
				"INFOPLIST_KEY_UIApplicationSceneManifest_Generation[sdk=iphonesimulator*]" = YES;
				"INFOPLIST_KEY_UIApplicationSupportsIndirectInputEvents[sdk=iphoneos*]" = YES;
				"INFOPLIST_KEY_UIApplicationSupportsIndirectInputEvents[sdk=iphonesimulator*]" = YES;
				"INFOPLIST_KEY_UILaunchScreen_Generation[sdk=iphoneos*]" = YES;
				"INFOPLIST_KEY_UILaunchScreen_Generation[sdk=iphonesimulator*]" = YES;
				"INFOPLIST_KEY_UIStatusBarStyle[sdk=iphoneos*]" = UIStatusBarStyleDefault;
				"INFOPLIST_KEY_UIStatusBarStyle[sdk=iphonesimulator*]" = UIStatusBarStyleDefault;
				INFOPLIST_KEY_UISupportedInterfaceOrientations_iPad = "UIInterfaceOrientationPortrait UIInterfaceOrientationPortraitUpsideDown UIInterfaceOrientationLandscapeLeft UIInterfaceOrientationLandscapeRight";
				INFOPLIST_KEY_UISupportedInterfaceOrientations_iPhone = "UIInterfaceOrientationPortrait UIInterfaceOrientationLandscapeLeft UIInterfaceOrientationLandscapeRight";
				IPHONEOS_DEPLOYMENT_TARGET = 26.0;
				LD_RUNPATH_SEARCH_PATHS = "@executable_path/Frameworks";
				"LD_RUNPATH_SEARCH_PATHS[sdk=macosx*]" = "@executable_path/../Frameworks";
				MACOSX_DEPLOYMENT_TARGET = 15.6;
				MARKETING_VERSION = 1.0;
				OTHER_CPLUSPLUSFLAGS = "$(OTHER_CFLAGS)";
				PRODUCT_BUNDLE_IDENTIFIER = com.example.ivanmcode.RaytracerWeekendApp;
				PRODUCT_NAME = "$(TARGET_NAME)";
				REGISTER_APP_GROUPS = YES;
				SDKROOT = auto;
				STRING_CATALOG_GENERATE_SYMBOLS = YES;
				SUPPORTED_PLATFORMS = "iphoneos iphonesimulator macosx xros xrsimulator";
				SWIFT_APPROACHABLE_CONCURRENCY = YES;
				SWIFT_COMPILATION_MODE = wholemodule;
				SWIFT_DEFAULT_ACTOR_ISOLATION = MainActor;
				SWIFT_EMIT_LOC_STRINGS = YES;
				SWIFT_OBJC_BRIDGING_HEADER = "RaytracerWeekendApp/Bridging-Header.h";
				SWIFT_OBJC_INTEROP_MODE = objcxx;
				SWIFT_PRECOMPILE_BRIDGING_HEADER = NO;
				SWIFT_UPCOMING_FEATURE_MEMBER_IMPORT_VISIBILITY = YES;
				SWIFT_VERSION = 5.0;
				TARGETED_DEVICE_FAMILY = "1,2,7";
				XROS_DEPLOYMENT_TARGET = 26.0;
			};
			name = Release;
		};
		2CBD71942CBA787600C14983 /* Debug */ = {
			isa = XCBuildConfiguration;
			buildSettings = {
				ALWAYS_SEARCH_USER_PATHS = NO;
				ASSETCATALOG_COMPILER_GENERATE_SWIFT_ASSET_SYMBOL_EXTENSIONS = YES;
				CLANG_ANALYZER_NONNULL = YES;
				CLANG_ANALYZER_NUMBER_OBJECT_CONVERSION = YES_AGGRESSIVE;
				CLANG_CXX_LANGUAGE_STANDARD = "gnu++20";
				CLANG_ENABLE_MODULES = YES;
				CLANG_ENABLE_OBJC_ARC = YES;
				CLANG_ENABLE_OBJC_WEAK = YES;
				CLANG_WARN_BLOCK_CAPTURE_AUTORELEASING = YES;
				CLANG_WARN_BOOL_CONVERSION = YES;
				CLANG_WARN_COMMA = YES;
				CLANG_WARN_CONSTANT_CONVERSION = YES;
				CLANG_WARN_DEPRECATED_OBJC_IMPLEMENTATIONS = YES;
				CLANG_WARN_DIRECT_OBJC_ISA_USAGE = YES_ERROR;
				CLANG_WARN_DOCUMENTATION_COMMENTS = YES;
				CLANG_WARN_EMPTY_BODY = YES;
				CLANG_WARN_ENUM_CONVERSION = YES;
				CLANG_WARN_INFINITE_RECURSION = YES;
				CLANG_WARN_INT_CONVERSION = YES;
				CLANG_WARN_NON_LITERAL_NULL_CONVERSION = YES;
				CLANG_WARN_OBJC_IMPLICIT_RETAIN_SELF = YES;
				CLANG_WARN_OBJC_LITERAL_CONVERSION = YES;
				CLANG_WARN_OBJC_ROOT_CLASS = YES_ERROR;
				CLANG_WARN_QUOTED_INCLUDE_IN_FRAMEWORK_HEADER = YES;
				CLANG_WARN_RANGE_LOOP_ANALYSIS = YES;
				CLANG_WARN_STRICT_PROTOTYPES = YES;
				CLANG_WARN_SUSPICIOUS_MOVE = YES;
				CLANG_WARN_UNGUARDED_AVAILABILITY = YES_AGGRESSIVE;
				CLANG_WARN_UNREACHABLE_CODE = YES;
				CLANG_WARN__DUPLICATE_METHOD_MATCH = YES;
				COPY_PHASE_STRIP = NO;
				DEAD_CODE_STRIPPING = YES;
				DEBUG_INFORMATION_FORMAT = dwarf;
				ENABLE_STRICT_OBJC_MSGSEND = YES;
				ENABLE_TESTABILITY = YES;
				ENABLE_USER_SCRIPT_SANDBOXING = YES;
				GCC_C_LANGUAGE_STANDARD = gnu17;
				GCC_DYNAMIC_NO_PIC = NO;
				GCC_NO_COMMON_BLOCKS = YES;
				GCC_OPTIMIZATION_LEVEL = 0;
				GCC_PREPROCESSOR_DEFINITIONS = (
					"DEBUG=1",
					"$(inherited)",
					"RW_APPLE_LOAD_RESOURCES_FROM_BUNDLE=1",
				);
				GCC_WARN_64_TO_32_BIT_CONVERSION = YES;
				GCC_WARN_ABOUT_RETURN_TYPE = YES_ERROR;
				GCC_WARN_UNDECLARED_SELECTOR = YES;
				GCC_WARN_UNINITIALIZED_AUTOS = YES_AGGRESSIVE;
				GCC_WARN_UNUSED_FUNCTION = YES;
				GCC_WARN_UNUSED_VARIABLE = YES;
				LOCALIZATION_PREFERS_STRING_CATALOGS = YES;
				MACOSX_DEPLOYMENT_TARGET = 14.6;
				MTL_ENABLE_DEBUG_INFO = INCLUDE_SOURCE;
				MTL_FAST_MATH = YES;
				ONLY_ACTIVE_ARCH = YES;
				SDKROOT = macosx;
				STRING_CATALOG_GENERATE_SYMBOLS = YES;
			};
			name = Debug;
		};
		2CBD71952CBA787600C14983 /* Release */ = {
			isa = XCBuildConfiguration;
			buildSettings = {
				ALWAYS_SEARCH_USER_PATHS = NO;
				ASSETCATALOG_COMPILER_GENERATE_SWIFT_ASSET_SYMBOL_EXTENSIONS = YES;
				CLANG_ANALYZER_NONNULL = YES;
				CLANG_ANALYZER_NUMBER_OBJECT_CONVERSION = YES_AGGRESSIVE;
				CLANG_CXX_LANGUAGE_STANDARD = "gnu++20";
				CLANG_ENABLE_MODULES = YES;
				CLANG_ENABLE_OBJC_ARC = YES;
				CLANG_ENABLE_OBJC_WEAK = YES;
				CLANG_WARN_BLOCK_CAPTURE_AUTORELEASING = YES;
				CLANG_WARN_BOOL_CONVERSION = YES;
				CLANG_WARN_COMMA = YES;
				CLANG_WARN_CONSTANT_CONVERSION = YES;
				CLANG_WARN_DEPRECATED_OBJC_IMPLEMENTATIONS = YES;
				CLANG_WARN_DIRECT_OBJC_ISA_USAGE = YES_ERROR;
				CLANG_WARN_DOCUMENTATION_COMMENTS = YES;
				CLANG_WARN_EMPTY_BODY = YES;
				CLANG_WARN_ENUM_CONVERSION = YES;
				CLANG_WARN_INFINITE_RECURSION = YES;
				CLANG_WARN_INT_CONVERSION = YES;
				CLANG_WARN_NON_LITERAL_NULL_CONVERSION = YES;
				CLANG_WARN_OBJC_IMPLICIT_RETAIN_SELF = YES;
				CLANG_WARN_OBJC_LITERAL_CONVERSION = YES;
				CLANG_WARN_OBJC_ROOT_CLASS = YES_ERROR;
				CLANG_WARN_QUOTED_INCLUDE_IN_FRAMEWORK_HEADER = YES;
				CLANG_WARN_RANGE_LOOP_ANALYSIS = YES;
				CLANG_WARN_STRICT_PROTOTYPES = YES;
				CLANG_WARN_SUSPICIOUS_MOVE = YES;
				CLANG_WARN_UNGUARDED_AVAILABILITY = YES_AGGRESSIVE;
				CLANG_WARN_UNREACHABLE_CODE = YES;
				CLANG_WARN__DUPLICATE_METHOD_MATCH = YES;
				COPY_PHASE_STRIP = NO;
				DEAD_CODE_STRIPPING = YES;
				DEBUG_INFORMATION_FORMAT = "dwarf-with-dsym";
				ENABLE_NS_ASSERTIONS = NO;
				ENABLE_STRICT_OBJC_MSGSEND = YES;
				ENABLE_USER_SCRIPT_SANDBOXING = YES;
				GCC_C_LANGUAGE_STANDARD = gnu17;
				GCC_NO_COMMON_BLOCKS = YES;
				GCC_OPTIMIZATION_LEVEL = 3;
				GCC_PREPROCESSOR_DEFINITIONS = "RW_APPLE_LOAD_RESOURCES_FROM_BUNDLE=1";
				GCC_WARN_64_TO_32_BIT_CONVERSION = YES;
				GCC_WARN_ABOUT_RETURN_TYPE = YES_ERROR;
				GCC_WARN_UNDECLARED_SELECTOR = YES;
				GCC_WARN_UNINITIALIZED_AUTOS = YES_AGGRESSIVE;
				GCC_WARN_UNUSED_FUNCTION = YES;
				GCC_WARN_UNUSED_VARIABLE = YES;
				LOCALIZATION_PREFERS_STRING_CATALOGS = YES;
				MACOSX_DEPLOYMENT_TARGET = 14.6;
				MTL_ENABLE_DEBUG_INFO = NO;
				MTL_FAST_MATH = YES;
				SDKROOT = macosx;
				STRING_CATALOG_GENERATE_SYMBOLS = YES;
				SWIFT_COMPILATION_MODE = wholemodule;
			};
			name = Release;
		};
		2CBD71972CBA787600C14983 /* Debug */ = {
			isa = XCBuildConfiguration;
			buildSettings = {
				CODE_SIGN_STYLE = Automatic;
				DEAD_CODE_STRIPPING = YES;
				HEADER_SEARCH_PATHS = "";
				PRODUCT_NAME = "$(TARGET_NAME)";
			};
			name = Debug;
		};
		2CBD71982CBA787600C14983 /* Release */ = {
			isa = XCBuildConfiguration;
			buildSettings = {
				CODE_SIGN_STYLE = Automatic;
				DEAD_CODE_STRIPPING = YES;
				HEADER_SEARCH_PATHS = "";
				PRODUCT_NAME = "$(TARGET_NAME)";
			};
			name = Release;
		};
/* End XCBuildConfiguration section */

/* Begin XCConfigurationList section */
		2C5B7DE72E88602D00564180 /* Build configuration list for PBXNativeTarget "RaytracerWeekendApp" */ = {
			isa = XCConfigurationList;
			buildConfigurations = (
				2C5B7DE82E88602D00564180 /* Debug */,
				2C5B7DE92E88602D00564180 /* Release */,
			);
			defaultConfigurationIsVisible = 0;
			defaultConfigurationName = Release;
		};
		2CBD718A2CBA787600C14983 /* Build configuration list for PBXProject "RaytracerWeekend" */ = {
			isa = XCConfigurationList;
			buildConfigurations = (
				2CBD71942CBA787600C14983 /* Debug */,
				2CBD71952CBA787600C14983 /* Release */,
			);
			defaultConfigurationIsVisible = 0;
			defaultConfigurationName = Release;
		};
		2CBD71962CBA787600C14983 /* Build configuration list for PBXNativeTarget "RaytracerWeekendConsole" */ = {
			isa = XCConfigurationList;
			buildConfigurations = (
				2CBD71972CBA787600C14983 /* Debug */,
				2CBD71982CBA787600C14983 /* Release */,
			);
			defaultConfigurationIsVisible = 0;
			defaultConfigurationName = Release;
		};
/* End XCConfigurationList section */
	};
	rootObject = 2CBD71872CBA787600C14983 /* Project object */;
}
