
Microsoft Visual Studio Solution File, Format Version 12.00
# Visual Studio Version 17
VisualStudioVersion = 17.11.35327.3
MinimumVisualStudioVersion = 10.0.40219.1
Project("{8BC9CEB8-8B4A-11D0-8D11-00A0C91BC942}") = "RaytracerWeekendConsole", "RaytracerWeekendConsole\RaytracerWeekendConsole.vcxproj", "{9746DA1E-3A0E-471B-B386-5DECA39EE012}"
EndProject
Global
	GlobalSection(SolutionConfigurationPlatforms) = preSolution
		Debug|x64 = Debug|x64
		Debug|x86 = Debug|x86
		Release|x64 = Release|x64
		Release|x86 = Release|x86
	EndGlobalSection
	GlobalSection(ProjectConfigurationPlatforms) = postSolution
		{9746DA1E-3A0E-471B-B386-5DECA39EE012}.Debug|x64.ActiveCfg = Debug|x64
		{9746DA1E-3A0E-471B-B386-5DECA39EE012}.Debug|x64.Build.0 = Debug|x64
		{9746DA1E-3A0E-471B-B386-5DECA39EE012}.Debug|x86.ActiveCfg = Debug|Win32
		{9746DA1E-3A0E-471B-B386-5DECA39EE012}.Debug|x86.Build.0 = Debug|Win32
		{9746DA1E-3A0E-471B-B386-5DECA39EE012}.Release|x64.ActiveCfg = Release|x64
		{9746DA1E-3A0E-471B-B386-5DECA39EE012}.Release|x64.Build.0 = Release|x64
		{9746DA1E-3A0E-471B-B386-5DECA39EE012}.Release|x86.ActiveCfg = Release|Win32
		{9746DA1E-3A0E-471B-B386-5DECA39EE012}.Release|x86.Build.0 = Release|Win32
	EndGlobalSection
	GlobalSection(SolutionProperties) = preSolution
		HideSolutionNode = FALSE
	EndGlobalSection
	GlobalSection(ExtensibilityGlobals) = postSolution
		SolutionGuid = {39866F5C-8A10-416E-8692-96AA43E406F2}
	EndGlobalSection
EndGlobal
